
Microsoft Visual Studio Solution File, Format Version 12.00
# Visual Studio 15
VisualStudioVersion = 15.0.28010.2041
MinimumVisualStudioVersion = 10.0.40219.1
Project("{FAE04EC0-301F-11D3-BF4B-00C04F79EFBC}") = "HLang", "HLang\HLang.csproj", "{968E55FF-030B-4495-8D7A-BD4265C2E20A}"
EndProject
Project("{FAE04EC0-301F-11D3-BF4B-00C04F79EFBC}") = "HLangUnitTest", "HLangUnitTest\HLangUnitTest.csproj", "{ACB71C90-90A7-4E63-8BC1-9CA913BB89FD}"
EndProject
Global
	GlobalSection(SolutionConfigurationPlatforms) = preSolution
		Debug|Any CPU = Debug|Any CPU
		Release|Any CPU = Release|Any CPU
	EndGlobalSection
	GlobalSection(ProjectConfigurationPlatforms) = postSolution
		{968E55FF-030B-4495-8D7A-BD4265C2E20A}.Debug|Any CPU.ActiveCfg = Debug|Any CPU
		{968E55FF-030B-4495-8D7A-BD4265C2E20A}.Debug|Any CPU.Build.0 = Debug|Any CPU
		{968E55FF-030B-4495-8D7A-BD4265C2E20A}.Release|Any CPU.ActiveCfg = Release|Any CPU
		{968E55FF-030B-4495-8D7A-BD4265C2E20A}.Release|Any CPU.Build.0 = Release|Any CPU
		{ACB71C90-90A7-4E63-8BC1-9CA913BB89FD}.Debug|Any CPU.ActiveCfg = Debug|Any CPU
		{ACB71C90-90A7-4E63-8BC1-9CA913BB89FD}.Debug|Any CPU.Build.0 = Debug|Any CPU
		{ACB71C90-90A7-4E63-8BC1-9CA913BB89FD}.Release|Any CPU.ActiveCfg = Release|Any CPU
		{ACB71C90-90A7-4E63-8BC1-9CA913BB89FD}.Release|Any CPU.Build.0 = Release|Any CPU
	EndGlobalSection
	GlobalSection(SolutionProperties) = preSolution
		HideSolutionNode = FALSE
	EndGlobalSection
	GlobalSection(ExtensibilityGlobals) = postSolution
		SolutionGuid = {F1EF01FD-D1CA-4AC6-A78A-397511FD9771}
	EndGlobalSection
EndGlobal
